PODS:
  - AFNetworking (3.1.0):
    - AFNetworking/NSURLSession (= 3.1.0)
    - AFNetworking/Reachability (= 3.1.0)
    - AFNetworking/Security (= 3.1.0)
    - AFNetworking/Serialization (= 3.1.0)
    - AFNetworking/UIKit (= 3.1.0)
  - AFNetworking/NSURLSession (3.1.0):
    - AFNetworking/Reachability
    - AFNetworking/Security
    - AFNetworking/Serialization
  - AFNetworking/Reachability (3.1.0)
  - AFNetworking/Security (3.1.0)
  - AFNetworking/Serialization (3.1.0)
  - AFNetworking/UIKit (3.1.0):
    - AFNetworking/NSURLSession
  - CocoaLumberjack (2.2.0):
    - CocoaLumberjack/Default (= 2.2.0)
    - CocoaLumberjack/Extensions (= 2.2.0)
  - CocoaLumberjack/Core (2.2.0)
  - CocoaLumberjack/Default (2.2.0):
    - CocoaLumberjack/Core
  - CocoaLumberjack/Extensions (2.2.0):
    - CocoaLumberjack/Default
  - FlickrKit (1.0.8)
  - GoogleAnalytics-iOS-SDK (3.12):
    - GoogleAnalytics-iOS-SDK/Core (= 3.12)
  - GoogleAnalytics-iOS-SDK/Core (3.12)
  - HPPhotoProvider (0.13.30):
    - AFNetworking
    - FlickrKit
  - MobilePrintSDK (3.0.8)
  - TTTAttributedLabel (1.10.1)

DEPENDENCIES:
  - CocoaLumberjack (= 2.2.0)
  - GoogleAnalytics-iOS-SDK (= 3.12)
  - HPPhotoProvider (from `https://github.com/IPGPTP/hp_photo_provider`, branch `master`)
  - MobilePrintSDK (from `https://github.com/IPGPTP/ios-print-sdk.git`, branch `bluetooth`)
  - TTTAttributedLabel (= 1.10.1)

EXTERNAL SOURCES:
  HPPhotoProvider:
    :branch: master
    :git: https://github.com/IPGPTP/hp_photo_provider
  MobilePrintSDK:
    :branch: bluetooth
    :git: https://github.com/IPGPTP/ios-print-sdk.git

CHECKOUT OPTIONS:
  HPPhotoProvider:
    :commit: d437a533c08ee46c587aacf0cc7fd7a220a606cf
    :git: https://github.com/IPGPTP/hp_photo_provider
  MobilePrintSDK:
    :commit: f894b09f713f23c0b18ab2ea3604c80c2a508afc
    :git: https://github.com/IPGPTP/ios-print-sdk.git

SPEC CHECKSUMS:
  AFNetworking: 5e0e199f73d8626b11e79750991f5d173d1f8b67
  CocoaLumberjack: 17fe8581f84914d5d7e6360f7c70022b173c3ae0
  FlickrKit: beadf880a10ccaa2f13666d04112324fe08815e2
  GoogleAnalytics-iOS-SDK: 13241762fa4aea845eb75bef6c0da3427a26e7b3
  HPPhotoProvider: 091f8bc6372eda59da37a7a142d68bcf703cad57
  MobilePrintSDK: c906b48fd6cd246ce00f35a2d6fb7fe63142ed79
  TTTAttributedLabel: c8f3801a6463b9c9b82b0c84c465fdda9751892a

PODFILE CHECKSUM: 5d56b3a06dd832d77c18abc5a73a465533908062

COCOAPODS: 1.0.1
