PODS:
  - AFNetworking (3.1.0):
    - AFNetworking/NSURLSession (= 3.1.0)
    - AFNetworking/Reachability (= 3.1.0)
    - AFNetworking/Security (= 3.1.0)
    - AFNetworking/Serialization (= 3.1.0)
    - AFNetworking/UIKit (= 3.1.0)
  - AFNetworking/NSURLSession (3.1.0):
    - AFNetworking/Reachability
    - AFNetworking/Security
    - AFNetworking/Serialization
  - AFNetworking/Reachability (3.1.0)
  - AFNetworking/Security (3.1.0)
  - AFNetworking/Serialization (3.1.0)
  - AFNetworking/UIKit (3.1.0):
    - AFNetworking/NSURLSession
  - CocoaLumberjack (2.2.0):
    - CocoaLumberjack/Default (= 2.2.0)
    - CocoaLumberjack/Extensions (= 2.2.0)
  - CocoaLumberjack/Core (2.2.0)
  - CocoaLumberjack/Default (2.2.0):
    - CocoaLumberjack/Core
  - CocoaLumberjack/Extensions (2.2.0):
    - CocoaLumberjack/Default
  - FlickrKit (1.0.9)
  - GoogleAnalytics-iOS-SDK (3.12):
    - GoogleAnalytics-iOS-SDK/Core (= 3.12)
  - GoogleAnalytics-iOS-SDK/Core (3.12)
  - HPPhotoProvider (0.13.32):
    - AFNetworking
    - FlickrKit
  - iCarousel (1.8)
  - MobilePrintSDK (3.0.10)
  - TTTAttributedLabel (1.10.1)
  - UrbanAirship-iOS-SDK (8.2.0)

DEPENDENCIES:
  - CocoaLumberjack (= 2.2.0)
  - GoogleAnalytics-iOS-SDK (= 3.12)
  - HPPhotoProvider (from `https://github.com/IPGPTP/hp_photo_provider`, branch `master`)
  - iCarousel (= 1.8)
  - MobilePrintSDK (from `https://github.com/IPGPTP/ios-print-sdk.git`, branch `bluetooth`)
  - TTTAttributedLabel (= 1.10.1)
  - UrbanAirship-iOS-SDK

EXTERNAL SOURCES:
  HPPhotoProvider:
    :branch: master
    :git: https://github.com/IPGPTP/hp_photo_provider
  MobilePrintSDK:
    :branch: bluetooth
    :git: https://github.com/IPGPTP/ios-print-sdk.git

CHECKOUT OPTIONS:
  HPPhotoProvider:
    :commit: 579c0ee0d86587ff94783baecd1ed67bcefdfbcf
    :git: https://github.com/IPGPTP/hp_photo_provider
  MobilePrintSDK:
    :commit: 63c663dba3d0b2e5e04d9b5ad272b1060c3e115d
    :git: https://github.com/IPGPTP/ios-print-sdk.git

SPEC CHECKSUMS:
  AFNetworking: 5e0e199f73d8626b11e79750991f5d173d1f8b67
  CocoaLumberjack: 17fe8581f84914d5d7e6360f7c70022b173c3ae0
  FlickrKit: 79ffaf64a12293ba2b1aa8a2e53a4958cb113256
  GoogleAnalytics-iOS-SDK: 13241762fa4aea845eb75bef6c0da3427a26e7b3
  HPPhotoProvider: eaf88024e646d3e5663a8fce9b35042e32b733d1
  iCarousel: f3e180611656b4b83e9f36e55c6f95a73b714b81
  MobilePrintSDK: 21bba3229fdd863ac0248a7af5956b09d27c615a
  TTTAttributedLabel: c8f3801a6463b9c9b82b0c84c465fdda9751892a
  UrbanAirship-iOS-SDK: 7bd900d7876faafe8650753cea2610daeea27457

PODFILE CHECKSUM: 94e4456e9d49a0607b38fed7e22c14b82b501d98

COCOAPODS: 1.2.0
